
Microsoft Visual Studio Solution File, Format Version 12.00
# Visual Studio Version 17
VisualStudioVersion = 17.14.36310.24
MinimumVisualStudioVersion = 10.0.40219.1
Project("{FAE04EC0-301F-11D3-BF4B-00C04F79EFBC}") = "0729_01", "0729_01\0729_01.csproj", "{B8BACD8D-5CCF-4E06-A1AF-715A68921901}"
EndProject
Project("{FAE04EC0-301F-11D3-BF4B-00C04F79EFBC}") = "0729_02", "0729_02\0729_02.csproj", "{034F59B8-23A6-4C2C-A8E1-9E262AE47022}"
EndProject
Project("{FAE04EC0-301F-11D3-BF4B-00C04F79EFBC}") = "0729_03", "0729_03\0729_03.csproj", "{70AFE7D8-BE6D-44C3-A861-2B1BD5DAB5F7}"
EndProject
Project("{FAE04EC0-301F-11D3-BF4B-00C04F79EFBC}") = "0729_04", "0729_04\0729_04.csproj", "{E4619A4F-901C-40FD-8EEB-0E989FFBAAAB}"
EndProject
Project("{FAE04EC0-301F-11D3-BF4B-00C04F79EFBC}") = "0729_05", "0729_05\0729_05.csproj", "{9E308832-8DAD-4703-8739-8F40B2B92085}"
EndProject
Project("{FAE04EC0-301F-11D3-BF4B-00C04F79EFBC}") = "0729_06", "0729_06\0729_06.csproj", "{E329C9F3-FD7A-4FCF-94A8-5C06B673D22A}"
EndProject
Project("{FAE04EC0-301F-11D3-BF4B-00C04F79EFBC}") = "0729_07", "0729_07\0729_07.csproj", "{D6201CA6-DAD8-4249-BF6A-054E3DC3B015}"
EndProject
Project("{FAE04EC0-301F-11D3-BF4B-00C04F79EFBC}") = "0730_01", "0730_01\0730_01.csproj", "{C3FF31E0-EE00-4BA5-A2F4-7C4F53F38FBE}"
EndProject
Project("{FAE04EC0-301F-11D3-BF4B-00C04F79EFBC}") = "0730_02", "0730_02\0730_02.csproj", "{793A3B4D-8039-4D8D-9A75-A315814C0757}"
EndProject
Project("{FAE04EC0-301F-11D3-BF4B-00C04F79EFBC}") = "0730_TextGame", "0730_TextGame\0730_TextGame.csproj", "{F6579242-FF30-447F-9114-0F1519A13745}"
EndProject
Global
	GlobalSection(SolutionConfigurationPlatforms) = preSolution
		Debug|Any CPU = Debug|Any CPU
		Release|Any CPU = Release|Any CPU
	EndGlobalSection
	GlobalSection(ProjectConfigurationPlatforms) = postSolution
		{B8BACD8D-5CCF-4E06-A1AF-715A68921901}.Debug|Any CPU.ActiveCfg = Debug|Any CPU
		{B8BACD8D-5CCF-4E06-A1AF-715A68921901}.Debug|Any CPU.Build.0 = Debug|Any CPU
		{B8BACD8D-5CCF-4E06-A1AF-715A68921901}.Release|Any CPU.ActiveCfg = Release|Any CPU
		{B8BACD8D-5CCF-4E06-A1AF-715A68921901}.Release|Any CPU.Build.0 = Release|Any CPU
		{034F59B8-23A6-4C2C-A8E1-9E262AE47022}.Debug|Any CPU.ActiveCfg = Debug|Any CPU
		{034F59B8-23A6-4C2C-A8E1-9E262AE47022}.Debug|Any CPU.Build.0 = Debug|Any CPU
		{034F59B8-23A6-4C2C-A8E1-9E262AE47022}.Release|Any CPU.ActiveCfg = Release|Any CPU
		{034F59B8-23A6-4C2C-A8E1-9E262AE47022}.Release|Any CPU.Build.0 = Release|Any CPU
		{70AFE7D8-BE6D-44C3-A861-2B1BD5DAB5F7}.Debug|Any CPU.ActiveCfg = Debug|Any CPU
		{70AFE7D8-BE6D-44C3-A861-2B1BD5DAB5F7}.Debug|Any CPU.Build.0 = Debug|Any CPU
		{70AFE7D8-BE6D-44C3-A861-2B1BD5DAB5F7}.Release|Any CPU.ActiveCfg = Release|Any CPU
		{70AFE7D8-BE6D-44C3-A861-2B1BD5DAB5F7}.Release|Any CPU.Build.0 = Release|Any CPU
		{E4619A4F-901C-40FD-8EEB-0E989FFBAAAB}.Debug|Any CPU.ActiveCfg = Debug|Any CPU
		{E4619A4F-901C-40FD-8EEB-0E989FFBAAAB}.Debug|Any CPU.Build.0 = Debug|Any CPU
		{E4619A4F-901C-40FD-8EEB-0E989FFBAAAB}.Release|Any CPU.ActiveCfg = Release|Any CPU
		{E4619A4F-901C-40FD-8EEB-0E989FFBAAAB}.Release|Any CPU.Build.0 = Release|Any CPU
		{9E308832-8DAD-4703-8739-8F40B2B92085}.Debug|Any CPU.ActiveCfg = Debug|Any CPU
		{9E308832-8DAD-4703-8739-8F40B2B92085}.Debug|Any CPU.Build.0 = Debug|Any CPU
		{9E308832-8DAD-4703-8739-8F40B2B92085}.Release|Any CPU.ActiveCfg = Release|Any CPU
		{9E308832-8DAD-4703-8739-8F40B2B92085}.Release|Any CPU.Build.0 = Release|Any CPU
		{E329C9F3-FD7A-4FCF-94A8-5C06B673D22A}.Debug|Any CPU.ActiveCfg = Debug|Any CPU
		{E329C9F3-FD7A-4FCF-94A8-5C06B673D22A}.Debug|Any CPU.Build.0 = Debug|Any CPU
		{E329C9F3-FD7A-4FCF-94A8-5C06B673D22A}.Release|Any CPU.ActiveCfg = Release|Any CPU
		{E329C9F3-FD7A-4FCF-94A8-5C06B673D22A}.Release|Any CPU.Build.0 = Release|Any CPU
		{D6201CA6-DAD8-4249-BF6A-054E3DC3B015}.Debug|Any CPU.ActiveCfg = Debug|Any CPU
		{D6201CA6-DAD8-4249-BF6A-054E3DC3B015}.Debug|Any CPU.Build.0 = Debug|Any CPU
		{D6201CA6-DAD8-4249-BF6A-054E3DC3B015}.Release|Any CPU.ActiveCfg = Release|Any CPU
		{D6201CA6-DAD8-4249-BF6A-054E3DC3B015}.Release|Any CPU.Build.0 = Release|Any CPU
		{C3FF31E0-EE00-4BA5-A2F4-7C4F53F38FBE}.Debug|Any CPU.ActiveCfg = Debug|Any CPU
		{C3FF31E0-EE00-4BA5-A2F4-7C4F53F38FBE}.Debug|Any CPU.Build.0 = Debug|Any CPU
		{C3FF31E0-EE00-4BA5-A2F4-7C4F53F38FBE}.Release|Any CPU.ActiveCfg = Release|Any CPU
		{C3FF31E0-EE00-4BA5-A2F4-7C4F53F38FBE}.Release|Any CPU.Build.0 = Release|Any CPU
		{793A3B4D-8039-4D8D-9A75-A315814C0757}.Debug|Any CPU.ActiveCfg = Debug|Any CPU
		{793A3B4D-8039-4D8D-9A75-A315814C0757}.Debug|Any CPU.Build.0 = Debug|Any CPU
		{793A3B4D-8039-4D8D-9A75-A315814C0757}.Release|Any CPU.ActiveCfg = Release|Any CPU
		{793A3B4D-8039-4D8D-9A75-A315814C0757}.Release|Any CPU.Build.0 = Release|Any CPU
		{F6579242-FF30-447F-9114-0F1519A13745}.Debug|Any CPU.ActiveCfg = Debug|Any CPU
		{F6579242-FF30-447F-9114-0F1519A13745}.Debug|Any CPU.Build.0 = Debug|Any CPU
		{F6579242-FF30-447F-9114-0F1519A13745}.Release|Any CPU.ActiveCfg = Release|Any CPU
		{F6579242-FF30-447F-9114-0F1519A13745}.Release|Any CPU.Build.0 = Release|Any CPU
	EndGlobalSection
	GlobalSection(SolutionProperties) = preSolution
		HideSolutionNode = FALSE
	EndGlobalSection
	GlobalSection(ExtensibilityGlobals) = postSolution
		SolutionGuid = {B912DF7B-458D-4B95-94C3-5B3A6E4CC45C}
	EndGlobalSection
EndGlobal
