
Microsoft Visual Studio Solution File, Format Version 12.00
# Visual Studio Version 17
VisualStudioVersion = 17.14.36310.24
MinimumVisualStudioVersion = 10.0.40219.1
Project("{FAE04EC0-301F-11D3-BF4B-00C04F79EFBC}") = "0729_01", "0729_01\0729_01.csproj", "{B8BACD8D-5CCF-4E06-A1AF-715A68921901}"
EndProject
Project("{FAE04EC0-301F-11D3-BF4B-00C04F79EFBC}") = "0729_02", "0729_02\0729_02.csproj", "{034F59B8-23A6-4C2C-A8E1-9E262AE47022}"
EndProject
Project("{FAE04EC0-301F-11D3-BF4B-00C04F79EFBC}") = "0729_03", "0729_03\0729_03.csproj", "{70AFE7D8-BE6D-44C3-A861-2B1BD5DAB5F7}"
EndProject
Project("{FAE04EC0-301F-11D3-BF4B-00C04F79EFBC}") = "0729_04", "0729_04\0729_04.csproj", "{E4619A4F-901C-40FD-8EEB-0E989FFBAAAB}"
EndProject
Project("{FAE04EC0-301F-11D3-BF4B-00C04F79EFBC}") = "0729_05", "0729_05\0729_05.csproj", "{9E308832-8DAD-4703-8739-8F40B2B92085}"
EndProject
Project("{FAE04EC0-301F-11D3-BF4B-00C04F79EFBC}") = "0729_06", "0729_06\0729_06.csproj", "{E329C9F3-FD7A-4FCF-94A8-5C06B673D22A}"
EndProject
Project("{FAE04EC0-301F-11D3-BF4B-00C04F79EFBC}") = "0729_07", "0729_07\0729_07.csproj", "{D6201CA6-DAD8-4249-BF6A-054E3DC3B015}"
EndProject
Project("{FAE04EC0-301F-11D3-BF4B-00C04F79EFBC}") = "0730_01", "0730_01\0730_01.csproj", "{C3FF31E0-EE00-4BA5-A2F4-7C4F53F38FBE}"
EndProject
Project("{FAE04EC0-301F-11D3-BF4B-00C04F79EFBC}") = "0730_02", "0730_02\0730_02.csproj", "{793A3B4D-8039-4D8D-9A75-A315814C0757}"
EndProject
Project("{FAE04EC0-301F-11D3-BF4B-00C04F79EFBC}") = "0730_TextGame", "0730_TextGame\0730_TextGame.csproj", "{F6579242-FF30-447F-9114-0F1519A13745}"
EndProject
Project("{FAE04EC0-301F-11D3-BF4B-00C04F79EFBC}") = "0805_01", "0805_01\0805_01.csproj", "{E7CBF53D-7D65-4DF4-8923-F4AAEBF508B5}"
EndProject
Project("{FAE04EC0-301F-11D3-BF4B-00C04F79EFBC}") = "0805_02", "0805_02\0805_02.csproj", "{DE6B2F6D-4A4A-4BC2-8C30-1D5989786CBD}"
EndProject
Project("{FAE04EC0-301F-11D3-BF4B-00C04F79EFBC}") = "0805_03", "0805_03\0805_03.csproj", "{2348F87B-9018-4C35-8EDB-D2888C6B2EBD}"
EndProject
Project("{FAE04EC0-301F-11D3-BF4B-00C04F79EFBC}") = "0805_04", "0805_04\0805_04.csproj", "{2A2F35F3-AD80-4A0F-8C1F-FA6A4A7946B9}"
EndProject
Project("{FAE04EC0-301F-11D3-BF4B-00C04F79EFBC}") = "0806_01", "0806_01\0806_01.csproj", "{A236CA79-D652-46F0-A67B-A14DF1956E46}"
EndProject
Project("{FAE04EC0-301F-11D3-BF4B-00C04F79EFBC}") = "0806_02", "0806_02\0806_02.csproj", "{FA4E46E8-FD3A-46B3-B959-482A0C1439AC}"
EndProject
Project("{FAE04EC0-301F-11D3-BF4B-00C04F79EFBC}") = "0806_03", "0806_03\0806_03.csproj", "{31A8A8A8-356A-41DE-AF78-DEE640B088F1}"
EndProject
Project("{FAE04EC0-301F-11D3-BF4B-00C04F79EFBC}") = "0806_04", "0806_04\0806_04.csproj", "{304CAC3C-ADA6-48D3-8004-BF4E92D3C298}"
EndProject
Project("{FAE04EC0-301F-11D3-BF4B-00C04F79EFBC}") = "0813_01", "0813_01\0813_01.csproj", "{BB349F4B-B84B-4E48-B009-C5B1A2757553}"
EndProject
Project("{FAE04EC0-301F-11D3-BF4B-00C04F79EFBC}") = "0813_02", "0813_02\0813_02.csproj", "{9857A6AA-A3D2-4856-B6FB-ACBCD3D2528A}"
EndProject
Project("{FAE04EC0-301F-11D3-BF4B-00C04F79EFBC}") = "0813_03", "0813_03\0813_03.csproj", "{CFAE086C-09FA-49D8-90A2-E1FFEE834EFA}"
EndProject
Project("{FAE04EC0-301F-11D3-BF4B-00C04F79EFBC}") = "0813_04", "0813_04\0813_04.csproj", "{FA9162F7-BA97-4F30-A304-7C78F9E188CB}"
EndProject
Project("{FAE04EC0-301F-11D3-BF4B-00C04F79EFBC}") = "0820_TRPG", "0820_TRPG\0820_TRPG.csproj", "{7A12D06D-280C-44C7-9479-BBE77559B706}"
EndProject
Project("{FAE04EC0-301F-11D3-BF4B-00C04F79EFBC}") = "0821_01", "0821_01\0821_01.csproj", "{A4AFF644-26F6-4F58-8994-08559BB19A24}"
EndProject
Project("{FAE04EC0-301F-11D3-BF4B-00C04F79EFBC}") = "0821_02", "0821_02\0821_02.csproj", "{760F47FB-B0D7-4A08-9615-0A0262AD895D}"
EndProject
Project("{FAE04EC0-301F-11D3-BF4B-00C04F79EFBC}") = "0822_01", "0822_01\0822_01.csproj", "{7E607968-7321-4EEB-B25A-9C57DC2BD04B}"
EndProject
Project("{FAE04EC0-301F-11D3-BF4B-00C04F79EFBC}") = "0822_02", "0822_02\0822_02.csproj", "{94CB6DD9-CFC3-4421-9E46-04F6F11E617F}"
EndProject
Project("{FAE04EC0-301F-11D3-BF4B-00C04F79EFBC}") = "0822_03", "0822_03\0822_03.csproj", "{B90CFDF6-1FC6-4D91-B09F-253BB6F05604}"
EndProject
Project("{FAE04EC0-301F-11D3-BF4B-00C04F79EFBC}") = "0825_01", "0825_01\0825_01.csproj", "{6CCFD85B-25BF-4F34-9D35-1C700B27415E}"
EndProject
Project("{FAE04EC0-301F-11D3-BF4B-00C04F79EFBC}") = "0825_02", "0825_02\0825_02.csproj", "{25F38C61-BA3B-452D-8DF9-65BEC3BD6A0E}"
EndProject
Project("{FAE04EC0-301F-11D3-BF4B-00C04F79EFBC}") = "0827_KirbyList", "0827_KirbyList\0827_KirbyList.csproj", "{288DBCDC-C998-4DCA-92BD-B9CB7AE457BA}"
EndProject
Project("{FAE04EC0-301F-11D3-BF4B-00C04F79EFBC}") = "0827_01", "0827_01\0827_01.csproj", "{AF40C1D8-5547-4D7F-A263-2BBB77D1363E}"
EndProject
Project("{FAE04EC0-301F-11D3-BF4B-00C04F79EFBC}") = "0828_Int64List", "0828_Int64List\0828_Int64List.csproj", "{AAADC775-B3B4-4014-8A02-D40D33FC0C26}"
EndProject
Project("{FAE04EC0-301F-11D3-BF4B-00C04F79EFBC}") = "0828_TrainList", "0828_TrainList\0828_TrainList.csproj", "{519A3A03-9702-4B5A-B8FA-673A62E6C48A}"
EndProject
Project("{FAE04EC0-301F-11D3-BF4B-00C04F79EFBC}") = "0829_MonoList", "0829_MonoList\0829_MonoList.csproj", "{0EDE6238-478C-4C9E-997E-B04A4A0078F3}"
EndProject
Project("{FAE04EC0-301F-11D3-BF4B-00C04F79EFBC}") = "0829_01", "0829_01\0829_01.csproj", "{58E55094-07D8-40C9-8ECD-F51DC76CDD32}"
EndProject
Project("{FAE04EC0-301F-11D3-BF4B-00C04F79EFBC}") = "0829_02", "0829_02\0829_02.csproj", "{182F9076-EE00-4B34-8FAE-01D0CBEE7AD2}"
EndProject
Project("{FAE04EC0-301F-11D3-BF4B-00C04F79EFBC}") = "0829_03", "0829_03\0829_03.csproj", "{8624EE96-711F-49DC-8C6F-187486392277}"
EndProject
Project("{FAE04EC0-301F-11D3-BF4B-00C04F79EFBC}") = "0901_01", "0901_01\0901_01.csproj", "{8181EDB2-55DB-4149-9B55-111051F4DCC9}"
EndProject
Project("{FAE04EC0-301F-11D3-BF4B-00C04F79EFBC}") = "0901_02", "0901_02\0901_02.csproj", "{D6FB8666-0450-4C88-92BF-DA5EC0C4E7F1}"
EndProject
Project("{FAE04EC0-301F-11D3-BF4B-00C04F79EFBC}") = "0901_03", "0901_03\0901_03.csproj", "{5797CA75-C785-425F-96FD-417528F6296D}"
EndProject
Project("{FAE04EC0-301F-11D3-BF4B-00C04F79EFBC}") = "0904_Dijkstra", "0904_Dijkstra\0904_Dijkstra.csproj", "{C4B07EA8-D910-4A01-8141-A03B1E956295}"
EndProject
Project("{FAE04EC0-301F-11D3-BF4B-00C04F79EFBC}") = "0905_Tree", "0905_Tree\0905_Tree.csproj", "{CC44F2C2-A5E2-4A36-AFD9-E9996D4B1FAD}"
EndProject
Project("{FAE04EC0-301F-11D3-BF4B-00C04F79EFBC}") = "0908_BST", "0908_BST\0908_BST.csproj", "{013E1533-B808-4F7B-97F1-464F01BEAEC9}"
EndProject
Project("{FAE04EC0-301F-11D3-BF4B-00C04F79EFBC}") = "0908_BST_My", "0908_BST_My\0908_BST_My.csproj", "{DF5E4B76-2D0C-4B17-9E83-6FDC53CFBA43}"
EndProject
Project("{FAE04EC0-301F-11D3-BF4B-00C04F79EFBC}") = "0908_RedBlackTree", "0908_RedBlackTree\0908_RedBlackTree.csproj", "{25BC4E55-60EE-4FB3-BDD1-611FAE529728}"
EndProject
Project("{FAE04EC0-301F-11D3-BF4B-00C04F79EFBC}") = "0909_HeapTree", "0909_HeapTree\0909_HeapTree.csproj", "{CAE58C05-71AB-4817-A5DF-067E9C8822A5}"
EndProject
Project("{FAE04EC0-301F-11D3-BF4B-00C04F79EFBC}") = "0909_HeapTreeT", "0909_HeapTreeT\0909_HeapTreeT.csproj", "{E001D9F1-A2A6-4535-B1AC-25D1EC6ED482}"
EndProject
Project("{FAE04EC0-301F-11D3-BF4B-00C04F79EFBC}") = "0909_BJ2178", "0909_BJ2178\0909_BJ2178.csproj", "{605DFA58-8A42-411F-AE35-A6BE93643F7F}"
EndProject
Project("{FAE04EC0-301F-11D3-BF4B-00C04F79EFBC}") = "0909_BJ2178_Tuple", "0909_BJ2178_Tuple\0909_BJ2178_Tuple.csproj", "{ECB22067-C568-4098-8717-A7C2AB324BD0}"
EndProject
Project("{FAE04EC0-301F-11D3-BF4B-00C04F79EFBC}") = "0909_BJ1012", "0909_BJ1012\0909_BJ1012.csproj", "{2FCDB89A-26F5-4BC9-B67C-16F74D983C94}"
EndProject
Project("{FAE04EC0-301F-11D3-BF4B-00C04F79EFBC}") = "0910_LLL", "0910_LLL\0910_LLL.csproj", "{16AD3574-FC9B-491B-9513-AA82E7F27ABE}"
EndProject
Project("{FAE04EC0-301F-11D3-BF4B-00C04F79EFBC}") = "0910_BJ10808", "0910_BJ10808\0910_BJ10808.csproj", "{018FC933-AC3B-4BE1-8FEC-42D36A31743C}"
EndProject
Project("{FAE04EC0-301F-11D3-BF4B-00C04F79EFBC}") = "0910_BJ2979", "0910_BJ2979\0910_BJ2979.csproj", "{1436F25C-D2B6-405B-AC8A-FBA14E4B2B89}"
EndProject
Project("{FAE04EC0-301F-11D3-BF4B-00C04F79EFBC}") = "0911_01", "0911_01\0911_01.csproj", "{B47B9A07-AF89-4483-A862-6940891064A8}"
EndProject
Project("{FAE04EC0-301F-11D3-BF4B-00C04F79EFBC}") = "0911_02", "0911_02\0911_02.csproj", "{40F2BFA0-7434-4238-831E-5808887208C3}"
EndProject
Project("{FAE04EC0-301F-11D3-BF4B-00C04F79EFBC}") = "0911_03", "0911_03\0911_03.csproj", "{D46178A2-9E85-48F5-BEB2-4D9F491A5AF1}"
EndProject
Project("{FAE04EC0-301F-11D3-BF4B-00C04F79EFBC}") = "0911_04", "0911_04\0911_04.csproj", "{06B0E7D3-A441-4CF8-A71C-2BDD470BFD01}"
EndProject
Project("{FAE04EC0-301F-11D3-BF4B-00C04F79EFBC}") = "0911_05", "0911_05\0911_05.csproj", "{4FA718CD-8426-4D32-9CFD-D00BBB898EE1}"
EndProject
Global
	GlobalSection(SolutionConfigurationPlatforms) = preSolution
		Debug|Any CPU = Debug|Any CPU
		Release|Any CPU = Release|Any CPU
	EndGlobalSection
	GlobalSection(ProjectConfigurationPlatforms) = postSolution
		{B8BACD8D-5CCF-4E06-A1AF-715A68921901}.Debug|Any CPU.ActiveCfg = Debug|Any CPU
		{B8BACD8D-5CCF-4E06-A1AF-715A68921901}.Debug|Any CPU.Build.0 = Debug|Any CPU
		{B8BACD8D-5CCF-4E06-A1AF-715A68921901}.Release|Any CPU.ActiveCfg = Release|Any CPU
		{B8BACD8D-5CCF-4E06-A1AF-715A68921901}.Release|Any CPU.Build.0 = Release|Any CPU
		{034F59B8-23A6-4C2C-A8E1-9E262AE47022}.Debug|Any CPU.ActiveCfg = Debug|Any CPU
		{034F59B8-23A6-4C2C-A8E1-9E262AE47022}.Debug|Any CPU.Build.0 = Debug|Any CPU
		{034F59B8-23A6-4C2C-A8E1-9E262AE47022}.Release|Any CPU.ActiveCfg = Release|Any CPU
		{034F59B8-23A6-4C2C-A8E1-9E262AE47022}.Release|Any CPU.Build.0 = Release|Any CPU
		{70AFE7D8-BE6D-44C3-A861-2B1BD5DAB5F7}.Debug|Any CPU.ActiveCfg = Debug|Any CPU
		{70AFE7D8-BE6D-44C3-A861-2B1BD5DAB5F7}.Debug|Any CPU.Build.0 = Debug|Any CPU
		{70AFE7D8-BE6D-44C3-A861-2B1BD5DAB5F7}.Release|Any CPU.ActiveCfg = Release|Any CPU
		{70AFE7D8-BE6D-44C3-A861-2B1BD5DAB5F7}.Release|Any CPU.Build.0 = Release|Any CPU
		{E4619A4F-901C-40FD-8EEB-0E989FFBAAAB}.Debug|Any CPU.ActiveCfg = Debug|Any CPU
		{E4619A4F-901C-40FD-8EEB-0E989FFBAAAB}.Debug|Any CPU.Build.0 = Debug|Any CPU
		{E4619A4F-901C-40FD-8EEB-0E989FFBAAAB}.Release|Any CPU.ActiveCfg = Release|Any CPU
		{E4619A4F-901C-40FD-8EEB-0E989FFBAAAB}.Release|Any CPU.Build.0 = Release|Any CPU
		{9E308832-8DAD-4703-8739-8F40B2B92085}.Debug|Any CPU.ActiveCfg = Debug|Any CPU
		{9E308832-8DAD-4703-8739-8F40B2B92085}.Debug|Any CPU.Build.0 = Debug|Any CPU
		{9E308832-8DAD-4703-8739-8F40B2B92085}.Release|Any CPU.ActiveCfg = Release|Any CPU
		{9E308832-8DAD-4703-8739-8F40B2B92085}.Release|Any CPU.Build.0 = Release|Any CPU
		{E329C9F3-FD7A-4FCF-94A8-5C06B673D22A}.Debug|Any CPU.ActiveCfg = Debug|Any CPU
		{E329C9F3-FD7A-4FCF-94A8-5C06B673D22A}.Debug|Any CPU.Build.0 = Debug|Any CPU
		{E329C9F3-FD7A-4FCF-94A8-5C06B673D22A}.Release|Any CPU.ActiveCfg = Release|Any CPU
		{E329C9F3-FD7A-4FCF-94A8-5C06B673D22A}.Release|Any CPU.Build.0 = Release|Any CPU
		{D6201CA6-DAD8-4249-BF6A-054E3DC3B015}.Debug|Any CPU.ActiveCfg = Debug|Any CPU
		{D6201CA6-DAD8-4249-BF6A-054E3DC3B015}.Debug|Any CPU.Build.0 = Debug|Any CPU
		{D6201CA6-DAD8-4249-BF6A-054E3DC3B015}.Release|Any CPU.ActiveCfg = Release|Any CPU
		{D6201CA6-DAD8-4249-BF6A-054E3DC3B015}.Release|Any CPU.Build.0 = Release|Any CPU
		{C3FF31E0-EE00-4BA5-A2F4-7C4F53F38FBE}.Debug|Any CPU.ActiveCfg = Debug|Any CPU
		{C3FF31E0-EE00-4BA5-A2F4-7C4F53F38FBE}.Debug|Any CPU.Build.0 = Debug|Any CPU
		{C3FF31E0-EE00-4BA5-A2F4-7C4F53F38FBE}.Release|Any CPU.ActiveCfg = Release|Any CPU
		{C3FF31E0-EE00-4BA5-A2F4-7C4F53F38FBE}.Release|Any CPU.Build.0 = Release|Any CPU
		{793A3B4D-8039-4D8D-9A75-A315814C0757}.Debug|Any CPU.ActiveCfg = Debug|Any CPU
		{793A3B4D-8039-4D8D-9A75-A315814C0757}.Debug|Any CPU.Build.0 = Debug|Any CPU
		{793A3B4D-8039-4D8D-9A75-A315814C0757}.Release|Any CPU.ActiveCfg = Release|Any CPU
		{793A3B4D-8039-4D8D-9A75-A315814C0757}.Release|Any CPU.Build.0 = Release|Any CPU
		{F6579242-FF30-447F-9114-0F1519A13745}.Debug|Any CPU.ActiveCfg = Debug|Any CPU
		{F6579242-FF30-447F-9114-0F1519A13745}.Debug|Any CPU.Build.0 = Debug|Any CPU
		{F6579242-FF30-447F-9114-0F1519A13745}.Release|Any CPU.ActiveCfg = Release|Any CPU
		{F6579242-FF30-447F-9114-0F1519A13745}.Release|Any CPU.Build.0 = Release|Any CPU
		{E7CBF53D-7D65-4DF4-8923-F4AAEBF508B5}.Debug|Any CPU.ActiveCfg = Debug|Any CPU
		{E7CBF53D-7D65-4DF4-8923-F4AAEBF508B5}.Debug|Any CPU.Build.0 = Debug|Any CPU
		{E7CBF53D-7D65-4DF4-8923-F4AAEBF508B5}.Release|Any CPU.ActiveCfg = Release|Any CPU
		{E7CBF53D-7D65-4DF4-8923-F4AAEBF508B5}.Release|Any CPU.Build.0 = Release|Any CPU
		{DE6B2F6D-4A4A-4BC2-8C30-1D5989786CBD}.Debug|Any CPU.ActiveCfg = Debug|Any CPU
		{DE6B2F6D-4A4A-4BC2-8C30-1D5989786CBD}.Debug|Any CPU.Build.0 = Debug|Any CPU
		{DE6B2F6D-4A4A-4BC2-8C30-1D5989786CBD}.Release|Any CPU.ActiveCfg = Release|Any CPU
		{DE6B2F6D-4A4A-4BC2-8C30-1D5989786CBD}.Release|Any CPU.Build.0 = Release|Any CPU
		{2348F87B-9018-4C35-8EDB-D2888C6B2EBD}.Debug|Any CPU.ActiveCfg = Debug|Any CPU
		{2348F87B-9018-4C35-8EDB-D2888C6B2EBD}.Debug|Any CPU.Build.0 = Debug|Any CPU
		{2348F87B-9018-4C35-8EDB-D2888C6B2EBD}.Release|Any CPU.ActiveCfg = Release|Any CPU
		{2348F87B-9018-4C35-8EDB-D2888C6B2EBD}.Release|Any CPU.Build.0 = Release|Any CPU
		{2A2F35F3-AD80-4A0F-8C1F-FA6A4A7946B9}.Debug|Any CPU.ActiveCfg = Debug|Any CPU
		{2A2F35F3-AD80-4A0F-8C1F-FA6A4A7946B9}.Debug|Any CPU.Build.0 = Debug|Any CPU
		{2A2F35F3-AD80-4A0F-8C1F-FA6A4A7946B9}.Release|Any CPU.ActiveCfg = Release|Any CPU
		{2A2F35F3-AD80-4A0F-8C1F-FA6A4A7946B9}.Release|Any CPU.Build.0 = Release|Any CPU
		{A236CA79-D652-46F0-A67B-A14DF1956E46}.Debug|Any CPU.ActiveCfg = Debug|Any CPU
		{A236CA79-D652-46F0-A67B-A14DF1956E46}.Debug|Any CPU.Build.0 = Debug|Any CPU
		{A236CA79-D652-46F0-A67B-A14DF1956E46}.Release|Any CPU.ActiveCfg = Release|Any CPU
		{A236CA79-D652-46F0-A67B-A14DF1956E46}.Release|Any CPU.Build.0 = Release|Any CPU
		{FA4E46E8-FD3A-46B3-B959-482A0C1439AC}.Debug|Any CPU.ActiveCfg = Debug|Any CPU
		{FA4E46E8-FD3A-46B3-B959-482A0C1439AC}.Debug|Any CPU.Build.0 = Debug|Any CPU
		{FA4E46E8-FD3A-46B3-B959-482A0C1439AC}.Release|Any CPU.ActiveCfg = Release|Any CPU
		{FA4E46E8-FD3A-46B3-B959-482A0C1439AC}.Release|Any CPU.Build.0 = Release|Any CPU
		{31A8A8A8-356A-41DE-AF78-DEE640B088F1}.Debug|Any CPU.ActiveCfg = Debug|Any CPU
		{31A8A8A8-356A-41DE-AF78-DEE640B088F1}.Debug|Any CPU.Build.0 = Debug|Any CPU
		{31A8A8A8-356A-41DE-AF78-DEE640B088F1}.Release|Any CPU.ActiveCfg = Release|Any CPU
		{31A8A8A8-356A-41DE-AF78-DEE640B088F1}.Release|Any CPU.Build.0 = Release|Any CPU
		{304CAC3C-ADA6-48D3-8004-BF4E92D3C298}.Debug|Any CPU.ActiveCfg = Debug|Any CPU
		{304CAC3C-ADA6-48D3-8004-BF4E92D3C298}.Debug|Any CPU.Build.0 = Debug|Any CPU
		{304CAC3C-ADA6-48D3-8004-BF4E92D3C298}.Release|Any CPU.ActiveCfg = Release|Any CPU
		{304CAC3C-ADA6-48D3-8004-BF4E92D3C298}.Release|Any CPU.Build.0 = Release|Any CPU
		{BB349F4B-B84B-4E48-B009-C5B1A2757553}.Debug|Any CPU.ActiveCfg = Debug|Any CPU
		{BB349F4B-B84B-4E48-B009-C5B1A2757553}.Debug|Any CPU.Build.0 = Debug|Any CPU
		{BB349F4B-B84B-4E48-B009-C5B1A2757553}.Release|Any CPU.ActiveCfg = Release|Any CPU
		{BB349F4B-B84B-4E48-B009-C5B1A2757553}.Release|Any CPU.Build.0 = Release|Any CPU
		{9857A6AA-A3D2-4856-B6FB-ACBCD3D2528A}.Debug|Any CPU.ActiveCfg = Debug|Any CPU
		{9857A6AA-A3D2-4856-B6FB-ACBCD3D2528A}.Debug|Any CPU.Build.0 = Debug|Any CPU
		{9857A6AA-A3D2-4856-B6FB-ACBCD3D2528A}.Release|Any CPU.ActiveCfg = Release|Any CPU
		{9857A6AA-A3D2-4856-B6FB-ACBCD3D2528A}.Release|Any CPU.Build.0 = Release|Any CPU
		{CFAE086C-09FA-49D8-90A2-E1FFEE834EFA}.Debug|Any CPU.ActiveCfg = Debug|Any CPU
		{CFAE086C-09FA-49D8-90A2-E1FFEE834EFA}.Debug|Any CPU.Build.0 = Debug|Any CPU
		{CFAE086C-09FA-49D8-90A2-E1FFEE834EFA}.Release|Any CPU.ActiveCfg = Release|Any CPU
		{CFAE086C-09FA-49D8-90A2-E1FFEE834EFA}.Release|Any CPU.Build.0 = Release|Any CPU
		{FA9162F7-BA97-4F30-A304-7C78F9E188CB}.Debug|Any CPU.ActiveCfg = Debug|Any CPU
		{FA9162F7-BA97-4F30-A304-7C78F9E188CB}.Debug|Any CPU.Build.0 = Debug|Any CPU
		{FA9162F7-BA97-4F30-A304-7C78F9E188CB}.Release|Any CPU.ActiveCfg = Release|Any CPU
		{FA9162F7-BA97-4F30-A304-7C78F9E188CB}.Release|Any CPU.Build.0 = Release|Any CPU
		{7A12D06D-280C-44C7-9479-BBE77559B706}.Debug|Any CPU.ActiveCfg = Debug|Any CPU
		{7A12D06D-280C-44C7-9479-BBE77559B706}.Debug|Any CPU.Build.0 = Debug|Any CPU
		{7A12D06D-280C-44C7-9479-BBE77559B706}.Release|Any CPU.ActiveCfg = Release|Any CPU
		{7A12D06D-280C-44C7-9479-BBE77559B706}.Release|Any CPU.Build.0 = Release|Any CPU
		{A4AFF644-26F6-4F58-8994-08559BB19A24}.Debug|Any CPU.ActiveCfg = Debug|Any CPU
		{A4AFF644-26F6-4F58-8994-08559BB19A24}.Debug|Any CPU.Build.0 = Debug|Any CPU
		{A4AFF644-26F6-4F58-8994-08559BB19A24}.Release|Any CPU.ActiveCfg = Release|Any CPU
		{A4AFF644-26F6-4F58-8994-08559BB19A24}.Release|Any CPU.Build.0 = Release|Any CPU
		{760F47FB-B0D7-4A08-9615-0A0262AD895D}.Debug|Any CPU.ActiveCfg = Debug|Any CPU
		{760F47FB-B0D7-4A08-9615-0A0262AD895D}.Debug|Any CPU.Build.0 = Debug|Any CPU
		{760F47FB-B0D7-4A08-9615-0A0262AD895D}.Release|Any CPU.ActiveCfg = Release|Any CPU
		{760F47FB-B0D7-4A08-9615-0A0262AD895D}.Release|Any CPU.Build.0 = Release|Any CPU
		{7E607968-7321-4EEB-B25A-9C57DC2BD04B}.Debug|Any CPU.ActiveCfg = Debug|Any CPU
		{7E607968-7321-4EEB-B25A-9C57DC2BD04B}.Debug|Any CPU.Build.0 = Debug|Any CPU
		{7E607968-7321-4EEB-B25A-9C57DC2BD04B}.Release|Any CPU.ActiveCfg = Release|Any CPU
		{7E607968-7321-4EEB-B25A-9C57DC2BD04B}.Release|Any CPU.Build.0 = Release|Any CPU
		{94CB6DD9-CFC3-4421-9E46-04F6F11E617F}.Debug|Any CPU.ActiveCfg = Debug|Any CPU
		{94CB6DD9-CFC3-4421-9E46-04F6F11E617F}.Debug|Any CPU.Build.0 = Debug|Any CPU
		{94CB6DD9-CFC3-4421-9E46-04F6F11E617F}.Release|Any CPU.ActiveCfg = Release|Any CPU
		{94CB6DD9-CFC3-4421-9E46-04F6F11E617F}.Release|Any CPU.Build.0 = Release|Any CPU
		{B90CFDF6-1FC6-4D91-B09F-253BB6F05604}.Debug|Any CPU.ActiveCfg = Debug|Any CPU
		{B90CFDF6-1FC6-4D91-B09F-253BB6F05604}.Debug|Any CPU.Build.0 = Debug|Any CPU
		{B90CFDF6-1FC6-4D91-B09F-253BB6F05604}.Release|Any CPU.ActiveCfg = Release|Any CPU
		{B90CFDF6-1FC6-4D91-B09F-253BB6F05604}.Release|Any CPU.Build.0 = Release|Any CPU
		{6CCFD85B-25BF-4F34-9D35-1C700B27415E}.Debug|Any CPU.ActiveCfg = Debug|Any CPU
		{6CCFD85B-25BF-4F34-9D35-1C700B27415E}.Debug|Any CPU.Build.0 = Debug|Any CPU
		{6CCFD85B-25BF-4F34-9D35-1C700B27415E}.Release|Any CPU.ActiveCfg = Release|Any CPU
		{6CCFD85B-25BF-4F34-9D35-1C700B27415E}.Release|Any CPU.Build.0 = Release|Any CPU
		{25F38C61-BA3B-452D-8DF9-65BEC3BD6A0E}.Debug|Any CPU.ActiveCfg = Debug|Any CPU
		{25F38C61-BA3B-452D-8DF9-65BEC3BD6A0E}.Debug|Any CPU.Build.0 = Debug|Any CPU
		{25F38C61-BA3B-452D-8DF9-65BEC3BD6A0E}.Release|Any CPU.ActiveCfg = Release|Any CPU
		{25F38C61-BA3B-452D-8DF9-65BEC3BD6A0E}.Release|Any CPU.Build.0 = Release|Any CPU
		{288DBCDC-C998-4DCA-92BD-B9CB7AE457BA}.Debug|Any CPU.ActiveCfg = Debug|Any CPU
		{288DBCDC-C998-4DCA-92BD-B9CB7AE457BA}.Debug|Any CPU.Build.0 = Debug|Any CPU
		{288DBCDC-C998-4DCA-92BD-B9CB7AE457BA}.Release|Any CPU.ActiveCfg = Release|Any CPU
		{288DBCDC-C998-4DCA-92BD-B9CB7AE457BA}.Release|Any CPU.Build.0 = Release|Any CPU
		{AF40C1D8-5547-4D7F-A263-2BBB77D1363E}.Debug|Any CPU.ActiveCfg = Debug|Any CPU
		{AF40C1D8-5547-4D7F-A263-2BBB77D1363E}.Debug|Any CPU.Build.0 = Debug|Any CPU
		{AF40C1D8-5547-4D7F-A263-2BBB77D1363E}.Release|Any CPU.ActiveCfg = Release|Any CPU
		{AF40C1D8-5547-4D7F-A263-2BBB77D1363E}.Release|Any CPU.Build.0 = Release|Any CPU
		{AAADC775-B3B4-4014-8A02-D40D33FC0C26}.Debug|Any CPU.ActiveCfg = Debug|Any CPU
		{AAADC775-B3B4-4014-8A02-D40D33FC0C26}.Debug|Any CPU.Build.0 = Debug|Any CPU
		{AAADC775-B3B4-4014-8A02-D40D33FC0C26}.Release|Any CPU.ActiveCfg = Release|Any CPU
		{AAADC775-B3B4-4014-8A02-D40D33FC0C26}.Release|Any CPU.Build.0 = Release|Any CPU
		{519A3A03-9702-4B5A-B8FA-673A62E6C48A}.Debug|Any CPU.ActiveCfg = Debug|Any CPU
		{519A3A03-9702-4B5A-B8FA-673A62E6C48A}.Debug|Any CPU.Build.0 = Debug|Any CPU
		{519A3A03-9702-4B5A-B8FA-673A62E6C48A}.Release|Any CPU.ActiveCfg = Release|Any CPU
		{519A3A03-9702-4B5A-B8FA-673A62E6C48A}.Release|Any CPU.Build.0 = Release|Any CPU
		{0EDE6238-478C-4C9E-997E-B04A4A0078F3}.Debug|Any CPU.ActiveCfg = Debug|Any CPU
		{0EDE6238-478C-4C9E-997E-B04A4A0078F3}.Debug|Any CPU.Build.0 = Debug|Any CPU
		{0EDE6238-478C-4C9E-997E-B04A4A0078F3}.Release|Any CPU.ActiveCfg = Release|Any CPU
		{0EDE6238-478C-4C9E-997E-B04A4A0078F3}.Release|Any CPU.Build.0 = Release|Any CPU
		{58E55094-07D8-40C9-8ECD-F51DC76CDD32}.Debug|Any CPU.ActiveCfg = Debug|Any CPU
		{58E55094-07D8-40C9-8ECD-F51DC76CDD32}.Debug|Any CPU.Build.0 = Debug|Any CPU
		{58E55094-07D8-40C9-8ECD-F51DC76CDD32}.Release|Any CPU.ActiveCfg = Release|Any CPU
		{58E55094-07D8-40C9-8ECD-F51DC76CDD32}.Release|Any CPU.Build.0 = Release|Any CPU
		{182F9076-EE00-4B34-8FAE-01D0CBEE7AD2}.Debug|Any CPU.ActiveCfg = Debug|Any CPU
		{182F9076-EE00-4B34-8FAE-01D0CBEE7AD2}.Debug|Any CPU.Build.0 = Debug|Any CPU
		{182F9076-EE00-4B34-8FAE-01D0CBEE7AD2}.Release|Any CPU.ActiveCfg = Release|Any CPU
		{182F9076-EE00-4B34-8FAE-01D0CBEE7AD2}.Release|Any CPU.Build.0 = Release|Any CPU
		{8624EE96-711F-49DC-8C6F-187486392277}.Debug|Any CPU.ActiveCfg = Debug|Any CPU
		{8624EE96-711F-49DC-8C6F-187486392277}.Debug|Any CPU.Build.0 = Debug|Any CPU
		{8624EE96-711F-49DC-8C6F-187486392277}.Release|Any CPU.ActiveCfg = Release|Any CPU
		{8624EE96-711F-49DC-8C6F-187486392277}.Release|Any CPU.Build.0 = Release|Any CPU
		{8181EDB2-55DB-4149-9B55-111051F4DCC9}.Debug|Any CPU.ActiveCfg = Debug|Any CPU
		{8181EDB2-55DB-4149-9B55-111051F4DCC9}.Debug|Any CPU.Build.0 = Debug|Any CPU
		{8181EDB2-55DB-4149-9B55-111051F4DCC9}.Release|Any CPU.ActiveCfg = Release|Any CPU
		{8181EDB2-55DB-4149-9B55-111051F4DCC9}.Release|Any CPU.Build.0 = Release|Any CPU
		{D6FB8666-0450-4C88-92BF-DA5EC0C4E7F1}.Debug|Any CPU.ActiveCfg = Debug|Any CPU
		{D6FB8666-0450-4C88-92BF-DA5EC0C4E7F1}.Debug|Any CPU.Build.0 = Debug|Any CPU
		{D6FB8666-0450-4C88-92BF-DA5EC0C4E7F1}.Release|Any CPU.ActiveCfg = Release|Any CPU
		{D6FB8666-0450-4C88-92BF-DA5EC0C4E7F1}.Release|Any CPU.Build.0 = Release|Any CPU
		{5797CA75-C785-425F-96FD-417528F6296D}.Debug|Any CPU.ActiveCfg = Debug|Any CPU
		{5797CA75-C785-425F-96FD-417528F6296D}.Debug|Any CPU.Build.0 = Debug|Any CPU
		{5797CA75-C785-425F-96FD-417528F6296D}.Release|Any CPU.ActiveCfg = Release|Any CPU
		{5797CA75-C785-425F-96FD-417528F6296D}.Release|Any CPU.Build.0 = Release|Any CPU
		{C4B07EA8-D910-4A01-8141-A03B1E956295}.Debug|Any CPU.ActiveCfg = Debug|Any CPU
		{C4B07EA8-D910-4A01-8141-A03B1E956295}.Debug|Any CPU.Build.0 = Debug|Any CPU
		{C4B07EA8-D910-4A01-8141-A03B1E956295}.Release|Any CPU.ActiveCfg = Release|Any CPU
		{C4B07EA8-D910-4A01-8141-A03B1E956295}.Release|Any CPU.Build.0 = Release|Any CPU
		{CC44F2C2-A5E2-4A36-AFD9-E9996D4B1FAD}.Debug|Any CPU.ActiveCfg = Debug|Any CPU
		{CC44F2C2-A5E2-4A36-AFD9-E9996D4B1FAD}.Debug|Any CPU.Build.0 = Debug|Any CPU
		{CC44F2C2-A5E2-4A36-AFD9-E9996D4B1FAD}.Release|Any CPU.ActiveCfg = Release|Any CPU
		{CC44F2C2-A5E2-4A36-AFD9-E9996D4B1FAD}.Release|Any CPU.Build.0 = Release|Any CPU
		{013E1533-B808-4F7B-97F1-464F01BEAEC9}.Debug|Any CPU.ActiveCfg = Debug|Any CPU
		{013E1533-B808-4F7B-97F1-464F01BEAEC9}.Debug|Any CPU.Build.0 = Debug|Any CPU
		{013E1533-B808-4F7B-97F1-464F01BEAEC9}.Release|Any CPU.ActiveCfg = Release|Any CPU
		{013E1533-B808-4F7B-97F1-464F01BEAEC9}.Release|Any CPU.Build.0 = Release|Any CPU
		{DF5E4B76-2D0C-4B17-9E83-6FDC53CFBA43}.Debug|Any CPU.ActiveCfg = Debug|Any CPU
		{DF5E4B76-2D0C-4B17-9E83-6FDC53CFBA43}.Debug|Any CPU.Build.0 = Debug|Any CPU
		{DF5E4B76-2D0C-4B17-9E83-6FDC53CFBA43}.Release|Any CPU.ActiveCfg = Release|Any CPU
		{DF5E4B76-2D0C-4B17-9E83-6FDC53CFBA43}.Release|Any CPU.Build.0 = Release|Any CPU
		{25BC4E55-60EE-4FB3-BDD1-611FAE529728}.Debug|Any CPU.ActiveCfg = Debug|Any CPU
		{25BC4E55-60EE-4FB3-BDD1-611FAE529728}.Debug|Any CPU.Build.0 = Debug|Any CPU
		{25BC4E55-60EE-4FB3-BDD1-611FAE529728}.Release|Any CPU.ActiveCfg = Release|Any CPU
		{25BC4E55-60EE-4FB3-BDD1-611FAE529728}.Release|Any CPU.Build.0 = Release|Any CPU
		{CAE58C05-71AB-4817-A5DF-067E9C8822A5}.Debug|Any CPU.ActiveCfg = Debug|Any CPU
		{CAE58C05-71AB-4817-A5DF-067E9C8822A5}.Debug|Any CPU.Build.0 = Debug|Any CPU
		{CAE58C05-71AB-4817-A5DF-067E9C8822A5}.Release|Any CPU.ActiveCfg = Release|Any CPU
		{CAE58C05-71AB-4817-A5DF-067E9C8822A5}.Release|Any CPU.Build.0 = Release|Any CPU
		{E001D9F1-A2A6-4535-B1AC-25D1EC6ED482}.Debug|Any CPU.ActiveCfg = Debug|Any CPU
		{E001D9F1-A2A6-4535-B1AC-25D1EC6ED482}.Debug|Any CPU.Build.0 = Debug|Any CPU
		{E001D9F1-A2A6-4535-B1AC-25D1EC6ED482}.Release|Any CPU.ActiveCfg = Release|Any CPU
		{E001D9F1-A2A6-4535-B1AC-25D1EC6ED482}.Release|Any CPU.Build.0 = Release|Any CPU
		{605DFA58-8A42-411F-AE35-A6BE93643F7F}.Debug|Any CPU.ActiveCfg = Debug|Any CPU
		{605DFA58-8A42-411F-AE35-A6BE93643F7F}.Debug|Any CPU.Build.0 = Debug|Any CPU
		{605DFA58-8A42-411F-AE35-A6BE93643F7F}.Release|Any CPU.ActiveCfg = Release|Any CPU
		{605DFA58-8A42-411F-AE35-A6BE93643F7F}.Release|Any CPU.Build.0 = Release|Any CPU
		{ECB22067-C568-4098-8717-A7C2AB324BD0}.Debug|Any CPU.ActiveCfg = Debug|Any CPU
		{ECB22067-C568-4098-8717-A7C2AB324BD0}.Debug|Any CPU.Build.0 = Debug|Any CPU
		{ECB22067-C568-4098-8717-A7C2AB324BD0}.Release|Any CPU.ActiveCfg = Release|Any CPU
		{ECB22067-C568-4098-8717-A7C2AB324BD0}.Release|Any CPU.Build.0 = Release|Any CPU
		{2FCDB89A-26F5-4BC9-B67C-16F74D983C94}.Debug|Any CPU.ActiveCfg = Debug|Any CPU
		{2FCDB89A-26F5-4BC9-B67C-16F74D983C94}.Debug|Any CPU.Build.0 = Debug|Any CPU
		{2FCDB89A-26F5-4BC9-B67C-16F74D983C94}.Release|Any CPU.ActiveCfg = Release|Any CPU
		{2FCDB89A-26F5-4BC9-B67C-16F74D983C94}.Release|Any CPU.Build.0 = Release|Any CPU
		{16AD3574-FC9B-491B-9513-AA82E7F27ABE}.Debug|Any CPU.ActiveCfg = Debug|Any CPU
		{16AD3574-FC9B-491B-9513-AA82E7F27ABE}.Debug|Any CPU.Build.0 = Debug|Any CPU
		{16AD3574-FC9B-491B-9513-AA82E7F27ABE}.Release|Any CPU.ActiveCfg = Release|Any CPU
		{16AD3574-FC9B-491B-9513-AA82E7F27ABE}.Release|Any CPU.Build.0 = Release|Any CPU
		{018FC933-AC3B-4BE1-8FEC-42D36A31743C}.Debug|Any CPU.ActiveCfg = Debug|Any CPU
		{018FC933-AC3B-4BE1-8FEC-42D36A31743C}.Debug|Any CPU.Build.0 = Debug|Any CPU
		{018FC933-AC3B-4BE1-8FEC-42D36A31743C}.Release|Any CPU.ActiveCfg = Release|Any CPU
		{018FC933-AC3B-4BE1-8FEC-42D36A31743C}.Release|Any CPU.Build.0 = Release|Any CPU
		{1436F25C-D2B6-405B-AC8A-FBA14E4B2B89}.Debug|Any CPU.ActiveCfg = Debug|Any CPU
		{1436F25C-D2B6-405B-AC8A-FBA14E4B2B89}.Debug|Any CPU.Build.0 = Debug|Any CPU
		{1436F25C-D2B6-405B-AC8A-FBA14E4B2B89}.Release|Any CPU.ActiveCfg = Release|Any CPU
		{1436F25C-D2B6-405B-AC8A-FBA14E4B2B89}.Release|Any CPU.Build.0 = Release|Any CPU
		{B47B9A07-AF89-4483-A862-6940891064A8}.Debug|Any CPU.ActiveCfg = Debug|Any CPU
		{B47B9A07-AF89-4483-A862-6940891064A8}.Debug|Any CPU.Build.0 = Debug|Any CPU
		{B47B9A07-AF89-4483-A862-6940891064A8}.Release|Any CPU.ActiveCfg = Release|Any CPU
		{B47B9A07-AF89-4483-A862-6940891064A8}.Release|Any CPU.Build.0 = Release|Any CPU
		{40F2BFA0-7434-4238-831E-5808887208C3}.Debug|Any CPU.ActiveCfg = Debug|Any CPU
		{40F2BFA0-7434-4238-831E-5808887208C3}.Debug|Any CPU.Build.0 = Debug|Any CPU
		{40F2BFA0-7434-4238-831E-5808887208C3}.Release|Any CPU.ActiveCfg = Release|Any CPU
		{40F2BFA0-7434-4238-831E-5808887208C3}.Release|Any CPU.Build.0 = Release|Any CPU
		{D46178A2-9E85-48F5-BEB2-4D9F491A5AF1}.Debug|Any CPU.ActiveCfg = Debug|Any CPU
		{D46178A2-9E85-48F5-BEB2-4D9F491A5AF1}.Debug|Any CPU.Build.0 = Debug|Any CPU
		{D46178A2-9E85-48F5-BEB2-4D9F491A5AF1}.Release|Any CPU.ActiveCfg = Release|Any CPU
		{D46178A2-9E85-48F5-BEB2-4D9F491A5AF1}.Release|Any CPU.Build.0 = Release|Any CPU
		{06B0E7D3-A441-4CF8-A71C-2BDD470BFD01}.Debug|Any CPU.ActiveCfg = Debug|Any CPU
		{06B0E7D3-A441-4CF8-A71C-2BDD470BFD01}.Debug|Any CPU.Build.0 = Debug|Any CPU
		{06B0E7D3-A441-4CF8-A71C-2BDD470BFD01}.Release|Any CPU.ActiveCfg = Release|Any CPU
		{06B0E7D3-A441-4CF8-A71C-2BDD470BFD01}.Release|Any CPU.Build.0 = Release|Any CPU
		{4FA718CD-8426-4D32-9CFD-D00BBB898EE1}.Debug|Any CPU.ActiveCfg = Debug|Any CPU
		{4FA718CD-8426-4D32-9CFD-D00BBB898EE1}.Debug|Any CPU.Build.0 = Debug|Any CPU
		{4FA718CD-8426-4D32-9CFD-D00BBB898EE1}.Release|Any CPU.ActiveCfg = Release|Any CPU
		{4FA718CD-8426-4D32-9CFD-D00BBB898EE1}.Release|Any CPU.Build.0 = Release|Any CPU
	EndGlobalSection
	GlobalSection(SolutionProperties) = preSolution
		HideSolutionNode = FALSE
	EndGlobalSection
	GlobalSection(ExtensibilityGlobals) = postSolution
		SolutionGuid = {B912DF7B-458D-4B95-94C3-5B3A6E4CC45C}
	EndGlobalSection
EndGlobal
